
Microsoft Visual Studio Solution File, Format Version 12.00
# Visual Studio Version 17
VisualStudioVersion = 17.12.35527.113
MinimumVisualStudioVersion = 10.0.40219.1
Project("{FAE04EC0-301F-11D3-BF4B-00C04F79EFBC}") = "Web", "Web.csproj", "{7DB0E971-1264-47D3-996F-2765B2A32A47}"
EndProject
Project("{FAE04EC0-301F-11D3-BF4B-00C04F79EFBC}") = "Model", "..\Model\Model.csproj", "{1E325472-A744-47CD-A599-CFDB6EBF7464}"
EndProject
Project("{FAE04EC0-301F-11D3-BF4B-00C04F79EFBC}") = "DAL", "..\DAL\DAL.csproj", "{214C00AF-3608-4382-BA9F-1008FBAA222A}"
EndProject
Project("{FAE04EC0-301F-11D3-BF4B-00C04F79EFBC}") = "Services", "..\Services\Services.csproj", "{DF956DB0-9583-4742-B17A-A5DB20330446}"
EndProject
Project("{FAE04EC0-301F-11D3-BF4B-00C04F79EFBC}") = "ViewModels", "..\ViewModels\ViewModels.csproj", "{D507D7C8-2D8E-4E11-90A9-697B45C96501}"
EndProject
Global
	GlobalSection(SolutionConfigurationPlatforms) = preSolution
		Debug|Any CPU = Debug|Any CPU
		Release|Any CPU = Release|Any CPU
	EndGlobalSection
	GlobalSection(ProjectConfigurationPlatforms) = postSolution
		{7DB0E971-1264-47D3-996F-2765B2A32A47}.Debug|Any CPU.ActiveCfg = Debug|Any CPU
		{7DB0E971-1264-47D3-996F-2765B2A32A47}.Debug|Any CPU.Build.0 = Debug|Any CPU
		{7DB0E971-1264-47D3-996F-2765B2A32A47}.Release|Any CPU.ActiveCfg = Release|Any CPU
		{7DB0E971-1264-47D3-996F-2765B2A32A47}.Release|Any CPU.Build.0 = Release|Any CPU
		{1E325472-A744-47CD-A599-CFDB6EBF7464}.Debug|Any CPU.ActiveCfg = Debug|Any CPU
		{1E325472-A744-47CD-A599-CFDB6EBF7464}.Debug|Any CPU.Build.0 = Debug|Any CPU
		{1E325472-A744-47CD-A599-CFDB6EBF7464}.Release|Any CPU.ActiveCfg = Release|Any CPU
		{1E325472-A744-47CD-A599-CFDB6EBF7464}.Release|Any CPU.Build.0 = Release|Any CPU
		{214C00AF-3608-4382-BA9F-1008FBAA222A}.Debug|Any CPU.ActiveCfg = Debug|Any CPU
		{214C00AF-3608-4382-BA9F-1008FBAA222A}.Debug|Any CPU.Build.0 = Debug|Any CPU
		{214C00AF-3608-4382-BA9F-1008FBAA222A}.Release|Any CPU.ActiveCfg = Release|Any CPU
		{214C00AF-3608-4382-BA9F-1008FBAA222A}.Release|Any CPU.Build.0 = Release|Any CPU
		{DF956DB0-9583-4742-B17A-A5DB20330446}.Debug|Any CPU.ActiveCfg = Debug|Any CPU
		{DF956DB0-9583-4742-B17A-A5DB20330446}.Debug|Any CPU.Build.0 = Debug|Any CPU
		{DF956DB0-9583-4742-B17A-A5DB20330446}.Release|Any CPU.ActiveCfg = Release|Any CPU
		{DF956DB0-9583-4742-B17A-A5DB20330446}.Release|Any CPU.Build.0 = Release|Any CPU
		{D507D7C8-2D8E-4E11-90A9-697B45C96501}.Debug|Any CPU.ActiveCfg = Debug|Any CPU
		{D507D7C8-2D8E-4E11-90A9-697B45C96501}.Debug|Any CPU.Build.0 = Debug|Any CPU
		{D507D7C8-2D8E-4E11-90A9-697B45C96501}.Release|Any CPU.ActiveCfg = Release|Any CPU
		{D507D7C8-2D8E-4E11-90A9-697B45C96501}.Release|Any CPU.Build.0 = Release|Any CPU
	EndGlobalSection
	GlobalSection(SolutionProperties) = preSolution
		HideSolutionNode = FALSE
	EndGlobalSection
EndGlobal
